
Microsoft Visual Studio Solution File, Format Version 12.00
Project("{FAE04EC0-301F-11D3-BF4B-00C04F79EFBC}") = "HAGSS", "HAGSS\HAGSS.csproj", "{1B871318-5DDE-4900-AFC9-E939EDCC18B6}"
EndProject
Project("{FAE04EC0-301F-11D3-BF4B-00C04F79EFBC}") = "HAGSS.Contracts", "HAGSS.Contracts\HAGSS.Contracts.csproj", "{53A1EFEA-6307-45A8-8FD0-A356E394351B}"
EndProject
Project("{FAE04EC0-301F-11D3-BF4B-00C04F79EFBC}") = "HAGSS.LoadSimulator", "HAGSS.LoadSimulator\HAGSS.LoadSimulator.csproj", "{521EB91F-58A3-418E-83A6-3B37FBF111F3}"
EndProject
Project("{FAE04EC0-301F-11D3-BF4B-00C04F79EFBC}") = "HAGSS.Monitor", "HAGSS.Monitor\HAGSS.Monitor.csproj", "{EE7F1FAA-9D9B-4292-8C16-E9609BA35DD1}"
EndProject
Global
	GlobalSection(SolutionConfigurationPlatforms) = preSolution
		Debug|Any CPU = Debug|Any CPU
		Debug|x64 = Debug|x64
		Debug|x86 = Debug|x86
		Release|Any CPU = Release|Any CPU
		Release|x64 = Release|x64
		Release|x86 = Release|x86
	EndGlobalSection
	GlobalSection(ProjectConfigurationPlatforms) = postSolution
		{1B871318-5DDE-4900-AFC9-E939EDCC18B6}.Debug|Any CPU.ActiveCfg = Debug|Any CPU
		{1B871318-5DDE-4900-AFC9-E939EDCC18B6}.Debug|Any CPU.Build.0 = Debug|Any CPU
		{1B871318-5DDE-4900-AFC9-E939EDCC18B6}.Debug|x64.ActiveCfg = Debug|Any CPU
		{1B871318-5DDE-4900-AFC9-E939EDCC18B6}.Debug|x64.Build.0 = Debug|Any CPU
		{1B871318-5DDE-4900-AFC9-E939EDCC18B6}.Debug|x86.ActiveCfg = Debug|Any CPU
		{1B871318-5DDE-4900-AFC9-E939EDCC18B6}.Debug|x86.Build.0 = Debug|Any CPU
		{1B871318-5DDE-4900-AFC9-E939EDCC18B6}.Release|Any CPU.ActiveCfg = Release|Any CPU
		{1B871318-5DDE-4900-AFC9-E939EDCC18B6}.Release|Any CPU.Build.0 = Release|Any CPU
		{1B871318-5DDE-4900-AFC9-E939EDCC18B6}.Release|x64.ActiveCfg = Release|Any CPU
		{1B871318-5DDE-4900-AFC9-E939EDCC18B6}.Release|x64.Build.0 = Release|Any CPU
		{1B871318-5DDE-4900-AFC9-E939EDCC18B6}.Release|x86.ActiveCfg = Release|Any CPU
		{1B871318-5DDE-4900-AFC9-E939EDCC18B6}.Release|x86.Build.0 = Release|Any CPU
		{53A1EFEA-6307-45A8-8FD0-A356E394351B}.Debug|Any CPU.ActiveCfg = Debug|Any CPU
		{53A1EFEA-6307-45A8-8FD0-A356E394351B}.Debug|Any CPU.Build.0 = Debug|Any CPU
		{53A1EFEA-6307-45A8-8FD0-A356E394351B}.Debug|x64.ActiveCfg = Debug|Any CPU
		{53A1EFEA-6307-45A8-8FD0-A356E394351B}.Debug|x64.Build.0 = Debug|Any CPU
		{53A1EFEA-6307-45A8-8FD0-A356E394351B}.Debug|x86.ActiveCfg = Debug|Any CPU
		{53A1EFEA-6307-45A8-8FD0-A356E394351B}.Debug|x86.Build.0 = Debug|Any CPU
		{53A1EFEA-6307-45A8-8FD0-A356E394351B}.Release|Any CPU.ActiveCfg = Release|Any CPU
		{53A1EFEA-6307-45A8-8FD0-A356E394351B}.Release|Any CPU.Build.0 = Release|Any CPU
		{53A1EFEA-6307-45A8-8FD0-A356E394351B}.Release|x64.ActiveCfg = Release|Any CPU
		{53A1EFEA-6307-45A8-8FD0-A356E394351B}.Release|x64.Build.0 = Release|Any CPU
		{53A1EFEA-6307-45A8-8FD0-A356E394351B}.Release|x86.ActiveCfg = Release|Any CPU
		{53A1EFEA-6307-45A8-8FD0-A356E394351B}.Release|x86.Build.0 = Release|Any CPU
		{521EB91F-58A3-418E-83A6-3B37FBF111F3}.Debug|Any CPU.ActiveCfg = Debug|Any CPU
		{521EB91F-58A3-418E-83A6-3B37FBF111F3}.Debug|Any CPU.Build.0 = Debug|Any CPU
		{521EB91F-58A3-418E-83A6-3B37FBF111F3}.Debug|x64.ActiveCfg = Debug|Any CPU
		{521EB91F-58A3-418E-83A6-3B37FBF111F3}.Debug|x64.Build.0 = Debug|Any CPU
		{521EB91F-58A3-418E-83A6-3B37FBF111F3}.Debug|x86.ActiveCfg = Debug|Any CPU
		{521EB91F-58A3-418E-83A6-3B37FBF111F3}.Debug|x86.Build.0 = Debug|Any CPU
		{521EB91F-58A3-418E-83A6-3B37FBF111F3}.Release|Any CPU.ActiveCfg = Release|Any CPU
		{521EB91F-58A3-418E-83A6-3B37FBF111F3}.Release|Any CPU.Build.0 = Release|Any CPU
		{521EB91F-58A3-418E-83A6-3B37FBF111F3}.Release|x64.ActiveCfg = Release|Any CPU
		{521EB91F-58A3-418E-83A6-3B37FBF111F3}.Release|x64.Build.0 = Release|Any CPU
		{521EB91F-58A3-418E-83A6-3B37FBF111F3}.Release|x86.ActiveCfg = Release|Any CPU
		{521EB91F-58A3-418E-83A6-3B37FBF111F3}.Release|x86.Build.0 = Release|Any CPU
		{EE7F1FAA-9D9B-4292-8C16-E9609BA35DD1}.Debug|Any CPU.ActiveCfg = Debug|Any CPU
		{EE7F1FAA-9D9B-4292-8C16-E9609BA35DD1}.Debug|Any CPU.Build.0 = Debug|Any CPU
		{EE7F1FAA-9D9B-4292-8C16-E9609BA35DD1}.Debug|x64.ActiveCfg = Debug|Any CPU
		{EE7F1FAA-9D9B-4292-8C16-E9609BA35DD1}.Debug|x64.Build.0 = Debug|Any CPU
		{EE7F1FAA-9D9B-4292-8C16-E9609BA35DD1}.Debug|x86.ActiveCfg = Debug|Any CPU
		{EE7F1FAA-9D9B-4292-8C16-E9609BA35DD1}.Debug|x86.Build.0 = Debug|Any CPU
		{EE7F1FAA-9D9B-4292-8C16-E9609BA35DD1}.Release|Any CPU.ActiveCfg = Release|Any CPU
		{EE7F1FAA-9D9B-4292-8C16-E9609BA35DD1}.Release|Any CPU.Build.0 = Release|Any CPU
		{EE7F1FAA-9D9B-4292-8C16-E9609BA35DD1}.Release|x64.ActiveCfg = Release|Any CPU
		{EE7F1FAA-9D9B-4292-8C16-E9609BA35DD1}.Release|x64.Build.0 = Release|Any CPU
		{EE7F1FAA-9D9B-4292-8C16-E9609BA35DD1}.Release|x86.ActiveCfg = Release|Any CPU
		{EE7F1FAA-9D9B-4292-8C16-E9609BA35DD1}.Release|x86.Build.0 = Release|Any CPU
	EndGlobalSection
	GlobalSection(SolutionProperties) = preSolution
		HideSolutionNode = FALSE
	EndGlobalSection
EndGlobal
